// !$*UTF8*$!
{
	archiveVersion = 1;
	classes = {
	};
	objectVersion = 46;
	objects = {

/* Begin PBXBuildFile section */
		1A6089541CA8719200727C51 /* AppDelegate.swift in Sources */ = {isa = PBXBuildFile; fileRef = 1A6089531CA8719200727C51 /* AppDelegate.swift */; };
		1A6089561CA8719200727C51 /* ViewController.swift in Sources */ = {isa = PBXBuildFile; fileRef = 1A6089551CA8719200727C51 /* ViewController.swift */; };
		1A6089591CA8719200727C51 /* Main.storyboard in Resources */ = {isa = PBXBuildFile; fileRef = 1A6089571CA8719200727C51 /* Main.storyboard */; };
		1A60895B1CA8719200727C51 /* Assets.xcassets in Resources */ = {isa = PBXBuildFile; fileRef = 1A60895A1CA8719200727C51 /* Assets.xcassets */; };
		1A60895E1CA8719200727C51 /* LaunchScreen.storyboard in Resources */ = {isa = PBXBuildFile; fileRef = 1A60895C1CA8719200727C51 /* LaunchScreen.storyboard */; };
/* End PBXBuildFile section */

/* Begin PBXFileReference section */
		1A6089501CA8719200727C51 /* StoneCalc.app */ = {isa = PBXFileReference; explicitFileType = wrapper.application; includeInIndex = 0; path = StoneCalc.app; sourceTree = BUILT_PRODUCTS_DIR; };
		1A6089531CA8719200727C51 /* AppDelegate.swift */ = {isa = PBXFileReference; lastKnownFileType = sourcecode.swift; path = AppDelegate.swift; sourceTree = "<group>"; };
		1A6089551CA8719200727C51 /* ViewController.swift */ = {isa = PBXFileReference; lastKnownFileType = sourcecode.swift; path = ViewController.swift; sourceTree = "<group>"; };
		1A6089581CA8719200727C51 /* Base */ = {isa = PBXFileReference; lastKnownFileType = file.storyboard; name = Base; path = Base.lproj/Main.storyboard; sourceTree = "<group>"; };
		1A60895A1CA8719200727C51 /* Assets.xcassets */ = {isa = PBXFileReference; lastKnownFileType = folder.assetcatalog; path = Assets.xcassets; sourceTree = "<group>"; };
		1A60895D1CA8719200727C51 /* Base */ = {isa = PBXFileReference; lastKnownFileType = file.storyboard; name = Base; path = Base.lproj/LaunchScreen.storyboard; sourceTree = "<group>"; };
		1A60895F1CA8719200727C51 /* Info.plist */ = {isa = PBXFileReference; lastKnownFileType = text.plist.xml; path = Info.plist; sourceTree = "<group>"; };
/* End PBXFileReference section */

/* Begin PBXFrameworksBuildPhase section */
		1A60894D1CA8719200727C51 /* Frameworks */ = {
			isa = PBXFrameworksBuildPhase;
			buildActionMask = 2147483647;
			files = (
			);
			runOnlyForDeploymentPostprocessing = 0;
		};
/* End PBXFrameworksBuildPhase section */

/* Begin PBXGroup section */
		1A6089471CA8719200727C51 = {
			isa = PBXGroup;
			children = (
				1A6089521CA8719200727C51 /* StoneCalc */,
				1A6089511CA8719200727C51 /* Products */,
			);
			sourceTree = "<group>";
		};
		1A6089511CA8719200727C51 /* Products */ = {
			isa = PBXGroup;
			children = (
				1A6089501CA8719200727C51 /* StoneCalc.app */,
			);
			name = Products;
			sourceTree = "<group>";
		};
		1A6089521CA8719200727C51 /* StoneCalc */ = {
			isa = PBXGroup;
			children = (
				1A6089531CA8719200727C51 /* AppDelegate.swift */,
				1A6089551CA8719200727C51 /* ViewController.swift */,
				1A6089571CA8719200727C51 /* Main.storyboard */,
				1A60895A1CA8719200727C51 /* Assets.xcassets */,
				1A60895C1CA8719200727C51 /* LaunchScreen.storyboard */,
				1A60895F1CA8719200727C51 /* Info.plist */,
			);
			path = StoneCalc;
			sourceTree = "<group>";
		};
/* End PBXGroup section */

/* Begin PBXNativeTarget section */
		1A60894F1CA8719200727C51 /* StoneCalc */ = {
			isa = PBXNativeTarget;
			buildConfigurationList = 1A6089621CA8719200727C51 /* Build configuration list for PBXNativeTarget "StoneCalc" */;
			buildPhases = (
				1A60894C1CA8719200727C51 /* Sources */,
				1A60894D1CA8719200727C51 /* Frameworks */,
				1A60894E1CA8719200727C51 /* Resources */,
			);
			buildRules = (
			);
			dependencies = (
			);
			name = StoneCalc;
			productName = StoneCalc;
			productReference = 1A6089501CA8719200727C51 /* StoneCalc.app */;
			productType = "com.apple.product-type.application";
		};
/* End PBXNativeTarget section */

/* Begin PBXProject section */
		1A6089481CA8719200727C51 /* Project object */ = {
			isa = PBXProject;
			attributes = {
				LastSwiftUpdateCheck = 0730;
				LastUpgradeCheck = 0920;
				ORGANIZATIONNAME = James;
				TargetAttributes = {
					1A60894F1CA8719200727C51 = {
						CreatedOnToolsVersion = 7.3;
						DevelopmentTeam = 2G4J7VSC2S;
						LastSwiftMigration = 0920;
					};
				};
			};
			buildConfigurationList = 1A60894B1CA8719200727C51 /* Build configuration list for PBXProject "StoneCalc" */;
			compatibilityVersion = "Xcode 3.2";
			developmentRegion = English;
			hasScannedForEncodings = 0;
			knownRegions = (
				en,
				Base,
			);
			mainGroup = 1A6089471CA8719200727C51;
			productRefGroup = 1A6089511CA8719200727C51 /* Products */;
			projectDirPath = "";
			projectRoot = "";
			targets = (
				1A60894F1CA8719200727C51 /* StoneCalc */,
			);
		};
/* End PBXProject section */

/* Begin PBXResourcesBuildPhase section */
		1A60894E1CA8719200727C51 /* Resources */ = {
			isa = PBXResourcesBuildPhase;
			buildActionMask = 2147483647;
			files = (
				1A60895E1CA8719200727C51 /* LaunchScreen.storyboard in Resources */,
				1A60895B1CA8719200727C51 /* Assets.xcassets in Resources */,
				1A6089591CA8719200727C51 /* Main.storyboard in Resources */,
			);
			runOnlyForDeploymentPostprocessing = 0;
		};
/* End PBXResourcesBuildPhase section */

/* Begin PBXSourcesBuildPhase section */
		1A60894C1CA8719200727C51 /* Sources */ = {
			isa = PBXSourcesBuildPhase;
			buildActionMask = 2147483647;
			files = (
				1A6089561CA8719200727C51 /* ViewController.swift in Sources */,
				1A6089541CA8719200727C51 /* AppDelegate.swift in Sources */,
			);
			runOnlyForDeploymentPostprocessing = 0;
		};
/* End PBXSourcesBuildPhase section */

/* Begin PBXVariantGroup section */
		1A6089571CA8719200727C51 /* Main.storyboard */ = {
			isa = PBXVariantGroup;
			children = (
				1A6089581CA8719200727C51 /* Base */,
			);
			name = Main.storyboard;
			sourceTree = "<group>";
		};
		1A60895C1CA8719200727C51 /* LaunchScreen.storyboard */ = {
			isa = PBXVariantGroup;
			children = (
				1A60895D1CA8719200727C51 /* Base */,
			);
			name = LaunchScreen.storyboard;
			sourceTree = "<group>";
		};
/* End PBXVariantGroup section */

/* Begin XCBuildConfiguration section */
		1A6089601CA8719200727C51 /* Debug */ = {
			isa = XCBuildConfiguration;
			buildSettings = {
				ALWAYS_SEARCH_USER_PATHS = NO;
				CLANG_ANALYZER_NONNULL = YES;
				CLANG_CXX_LANGUAGE_STANDARD = "gnu++0x";
				CLANG_CXX_LIBRARY = "libc++";
				CLANG_ENABLE_MODULES = YES;
				CLANG_ENABLE_OBJC_ARC = YES;
				CLANG_WARN_BLOCK_CAPTURE_AUTORELEASING = YES;
				CLANG_WARN_BOOL_CONVERSION = YES;
				CLANG_WARN_COMMA = YES;
				CLANG_WARN_CONSTANT_CONVERSION = YES;
				CLANG_WARN_DIRECT_OBJC_ISA_USAGE = YES_ERROR;
				CLANG_WARN_EMPTY_BODY = YES;
				CLANG_WARN_ENUM_CONVERSION = YES;
				CLANG_WARN_INFINITE_RECURSION = YES;
				CLANG_WARN_INT_CONVERSION = YES;
				CLANG_WARN_NON_LITERAL_NULL_CONVERSION = YES;
				CLANG_WARN_OBJC_LITERAL_CONVERSION = YES;
				CLANG_WARN_OBJC_ROOT_CLASS = YES_ERROR;
				CLANG_WARN_RANGE_LOOP_ANALYSIS = YES;
				CLANG_WARN_STRICT_PROTOTYPES = YES;
				CLANG_WARN_SUSPICIOUS_MOVE = YES;
				CLANG_WARN_UNREACHABLE_CODE = YES;
				CLANG_WARN__DUPLICATE_METHOD_MATCH = YES;
				"CODE_SIGN_IDENTITY[sdk=iphoneos*]" = "iPhone Developer";
				COPY_PHASE_STRIP = NO;
				DEBUG_INFORMATION_FORMAT = dwarf;
				ENABLE_STRICT_OBJC_MSGSEND = YES;
				ENABLE_TESTABILITY = YES;
				GCC_C_LANGUAGE_STANDARD = gnu99;
				GCC_DYNAMIC_NO_PIC = NO;
				GCC_NO_COMMON_BLOCKS = YES;
				GCC_OPTIMIZATION_LEVEL = 0;
				GCC_PREPROCESSOR_DEFINITIONS = (
					"DEBUG=1",
					"$(inherited)",
				);
				GCC_WARN_64_TO_32_BIT_CONVERSION = YES;
				GCC_WARN_ABOUT_RETURN_TYPE = YES_ERROR;
				GCC_WARN_UNDECLARED_SELECTOR = YES;
				GCC_WARN_UNINITIALIZED_AUTOS = YES_AGGRESSIVE;
				GCC_WARN_UNUSED_FUNCTION = YES;
				GCC_WARN_UNUSED_VARIABLE = YES;
				IPHONEOS_DEPLOYMENT_TARGET = 9.3;
				MTL_ENABLE_DEBUG_INFO = YES;
				ONLY_ACTIVE_ARCH = YES;
				SDKROOT = iphoneos;
				SWIFT_OPTIMIZATION_LEVEL = "-Onone";
			};
			name = Debug;
		};
		1A6089611CA8719200727C51 /* Release */ = {
			isa = XCBuildConfiguration;
			buildSettings = {
				ALWAYS_SEARCH_USER_PATHS = NO;
				CLANG_ANALYZER_NONNULL = YES;
				CLANG_CXX_LANGUAGE_STANDARD = "gnu++0x";
				CLANG_CXX_LIBRARY = "libc++";
				CLANG_ENABLE_MODULES = YES;
				CLANG_ENABLE_OBJC_ARC = YES;
				CLANG_WARN_BLOCK_CAPTURE_AUTORELEASING = YES;
				CLANG_WARN_BOOL_CONVERSION = YES;
				CLANG_WARN_COMMA = YES;
				CLANG_WARN_CONSTANT_CONVERSION = YES;
				CLANG_WARN_DIRECT_OBJC_ISA_USAGE = YES_ERROR;
				CLANG_WARN_EMPTY_BODY = YES;
				CLANG_WARN_ENUM_CONVERSION = YES;
				CLANG_WARN_INFINITE_RECURSION = YES;
				CLANG_WARN_INT_CONVERSION = YES;
				CLANG_WARN_NON_LITERAL_NULL_CONVERSION = YES;
				CLANG_WARN_OBJC_LITERAL_CONVERSION = YES;
				CLANG_WARN_OBJC_ROOT_CLASS = YES_ERROR;
				CLANG_WARN_RANGE_LOOP_ANALYSIS = YES;
				CLANG_WARN_STRICT_PROTOTYPES = YES;
				CLANG_WARN_SUSPICIOUS_MOVE = YES;
				CLANG_WARN_UNREACHABLE_CODE = YES;
				CLANG_WARN__DUPLICATE_METHOD_MATCH = YES;
				"CODE_SIGN_IDENTITY[sdk=iphoneos*]" = "iPhone Developer";
				COPY_PHASE_STRIP = NO;
				DEBUG_INFORMATION_FORMAT = "dwarf-with-dsym";
				ENABLE_NS_ASSERTIONS = NO;
				ENABLE_STRICT_OBJC_MSGSEND = YES;
				GCC_C_LANGUAGE_STANDARD = gnu99;
				GCC_NO_COMMON_BLOCKS = YES;
				GCC_WARN_64_TO_32_BIT_CONVERSION = YES;
				GCC_WARN_ABOUT_RETURN_TYPE = YES_ERROR;
				GCC_WARN_UNDECLARED_SELECTOR = YES;
				GCC_WARN_UNINITIALIZED_AUTOS = YES_AGGRESSIVE;
				GCC_WARN_UNUSED_FUNCTION = YES;
				GCC_WARN_UNUSED_VARIABLE = YES;
				IPHONEOS_DEPLOYMENT_TARGET = 9.3;
				MTL_ENABLE_DEBUG_INFO = NO;
				SDKROOT = iphoneos;
				SWIFT_OPTIMIZATION_LEVEL = "-Owholemodule";
				VALIDATE_PRODUCT = YES;
			};
			name = Release;
		};
		1A6089631CA8719200727C51 /* Debug */ = {
			isa = XCBuildConfiguration;
			buildSettings = {
				ASSETCATALOG_COMPILER_APPICON_NAME = AppIcon;
				DEVELOPMENT_TEAM = 2G4J7VSC2S;
				INFOPLIST_FILE = StoneCalc/Info.plist;
				IPHONEOS_DEPLOYMENT_TARGET = 8.0;
				LD_RUNPATH_SEARCH_PATHS = "$(inherited) @executable_path/Frameworks";
				PRODUCT_BUNDLE_IDENTIFIER = com.jdsv650.StoneCalc;
				PRODUCT_NAME = "$(TARGET_NAME)";
				SWIFT_SWIFT3_OBJC_INFERENCE = Default;
				SWIFT_VERSION = 4.0;
			};
			name = Debug;
		};
		1A6089641CA8719200727C51 /* Release */ = {
			isa = XCBuildConfiguration;
			buildSettings = {
				ASSETCATALOG_COMPILER_APPICON_NAME = AppIcon;
				DEVELOPMENT_TEAM = 2G4J7VSC2S;
				INFOPLIST_FILE = StoneCalc/Info.plist;
				IPHONEOS_DEPLOYMENT_TARGET = 8.0;
				LD_RUNPATH_SEARCH_PATHS = "$(inherited) @executable_path/Frameworks";
				PRODUCT_BUNDLE_IDENTIFIER = com.jdsv650.StoneCalc;
				PRODUCT_NAME = "$(TARGET_NAME)";
				SWIFT_SWIFT3_OBJC_INFERENCE = Default;
				SWIFT_VERSION = 4.0;
			};
			name = Release;
		};
/* End XCBuildConfiguration section */

/* Begin XCConfigurationList section */
		1A60894B1CA8719200727C51 /* Build configuration list for PBXProject "StoneCalc" */ = {
			isa = XCConfigurationList;
			buildConfigurations = (
				1A6089601CA8719200727C51 /* Debug */,
				1A6089611CA8719200727C51 /* Release */,
			);
			defaultConfigurationIsVisible = 0;
			defaultConfigurationName = Release;
		};
		1A6089621CA8719200727C51 /* Build configuration list for PBXNativeTarget "StoneCalc" */ = {
			isa = XCConfigurationList;
			buildConfigurations = (
				1A6089631CA8719200727C51 /* Debug */,
				1A6089641CA8719200727C51 /* Release */,
			);
			defaultConfigurationIsVisible = 0;
			defaultConfigurationName = Release;
		};
/* End XCConfigurationList section */
	};
	rootObject = 1A6089481CA8719200727C51 /* Project object */;
}
